{
  "version": 4,
  "terraform_version": "1.11.4",
  "serial": 4,
  "lineage": "45de0ca9-acaf-2870-fff1-804fcdcda901",
  "outputs": {},
  "resources": [
    {
      "mode": "managed",
      "type": "azurerm_app_service",
      "name": "app",
      "provider": "provider[\"registry.terraform.io/hashicorp/azurerm\"]",
      "instances": [
        {
          "schema_version": 0,
          "attributes": {
            "app_service_plan_id": "/subscriptions/885ef135-459d-4221-a368-6d32018ff0b0/resourceGroups/rg-casapronta/providers/Microsoft.Web/serverFarms/plan-casapronta",
            "app_settings": {
              "WEBSITE_RUN_FROM_PACKAGE": "1"
            },
            "auth_settings": [
              {
                "active_directory": [],
                "additional_login_params": {},
                "allowed_external_redirect_urls": [],
                "default_provider": "",
                "enabled": false,
                "facebook": [],
                "google": [],
                "issuer": "",
                "microsoft": [],
                "runtime_version": "",
                "token_refresh_extension_hours": 0,
                "token_store_enabled": false,
                "twitter": [],
                "unauthenticated_client_action": ""
              }
            ],
            "backup": [],
            "client_affinity_enabled": false,
            "client_cert_enabled": false,
            "client_cert_mode": "Required",
            "connection_string": [],
            "custom_domain_verification_id": "2C47B421A8C69C4215C474838699B243E2C69A0DF816325A9BA9066539A98539",
            "default_site_hostname": "app-casapronta.azurewebsites.net",
            "enabled": true,
            "https_only": false,
            "id": "/subscriptions/885ef135-459d-4221-a368-6d32018ff0b0/resourceGroups/rg-casapronta/providers/Microsoft.Web/sites/app-casapronta",
            "identity": [],
            "key_vault_reference_identity_id": "SystemAssigned",
            "location": "eastus",
            "logs": [
              {
                "application_logs": [
                  {
                    "azure_blob_storage": [],
                    "file_system_level": "Off"
                  }
                ],
                "detailed_error_messages_enabled": false,
                "failed_request_tracing_enabled": false,
                "http_logs": [
                  {
                    "azure_blob_storage": [],
                    "file_system": []
                  }
                ]
              }
            ],
            "name": "app-casapronta",
            "outbound_ip_address_list": [
              "48.217.213.245",
              "20.49.104.44"
            ],
            "outbound_ip_addresses": "48.217.213.245,20.49.104.44",
            "possible_outbound_ip_address_list": [
              "20.62.146.70",
              "20.62.146.81",
              "20.62.146.190",
              "20.62.146.222",
              "20.62.146.231",
              "20.62.147.3",
              "48.217.213.245",
              "20.62.147.23",
              "20.62.147.49",
              "20.62.147.50",
              "20.62.147.55",
              "20.62.147.106",
              "20.62.147.128",
              "20.62.147.158",
              "20.62.147.196",
              "20.62.147.209",
              "20.62.147.241",
              "20.62.148.7",
              "20.62.148.8",
              "20.62.148.90",
              "20.62.148.105",
              "20.62.148.123",
              "20.62.148.126",
              "20.62.148.176",
              "20.62.148.193",
              "20.62.148.197",
              "40.76.170.224",
              "20.62.148.209",
              "20.62.148.233",
              "20.62.149.21",
              "20.62.149.22",
              "20.49.104.44"
            ],
            "possible_outbound_ip_addresses": "20.62.146.70,20.62.146.81,20.62.146.190,20.62.146.222,20.62.146.231,20.62.147.3,48.217.213.245,20.62.147.23,20.62.147.49,20.62.147.50,20.62.147.55,20.62.147.106,20.62.147.128,20.62.147.158,20.62.147.196,20.62.147.209,20.62.147.241,20.62.148.7,20.62.148.8,20.62.148.90,20.62.148.105,20.62.148.123,20.62.148.126,20.62.148.176,20.62.148.193,20.62.148.197,40.76.170.224,20.62.148.209,20.62.148.233,20.62.149.21,20.62.149.22,20.49.104.44",
            "resource_group_name": "rg-casapronta",
            "site_config": [
              {
                "acr_use_managed_identity_credentials": false,
                "acr_user_managed_identity_client_id": "",
                "always_on": false,
                "app_command_line": "",
                "auto_swap_slot_name": "",
                "cors": [],
                "default_documents": [
                  "Default.htm",
                  "Default.html",
                  "Default.asp",
                  "index.htm",
                  "index.html",
                  "iisstart.htm",
                  "default.aspx",
                  "index.php",
                  "hostingstart.html"
                ],
                "dotnet_framework_version": "v4.0",
                "ftps_state": "FtpsOnly",
                "health_check_path": "",
                "http2_enabled": false,
                "ip_restriction": [],
                "java_container": "",
                "java_container_version": "",
                "java_version": "",
                "linux_fx_version": "",
                "local_mysql_enabled": false,
                "managed_pipeline_mode": "Integrated",
                "min_tls_version": "1.2",
                "number_of_workers": 1,
                "php_version": "5.6",
                "python_version": "",
                "remote_debugging_enabled": false,
                "remote_debugging_version": "",
                "scm_ip_restriction": [],
                "scm_type": "None",
                "scm_use_main_ip_restriction": false,
                "use_32_bit_worker_process": true,
                "vnet_route_all_enabled": false,
                "websockets_enabled": false,
                "windows_fx_version": ""
              }
            ],
            "site_credential": [
              {
                "password": "19c8yXquYGHaMXNprG5wkam6yRNoy9CGiCH72D1yHKrEEvC5fCgp4gMiQlbB",
                "username": "$app-casapronta"
              }
            ],
            "source_control": [
              {
                "branch": "main",
                "manual_integration": false,
                "repo_url": "",
                "rollback_enabled": false,
                "use_mercurial": false
              }
            ],
            "storage_account": [],
            "tags": null,
            "timeouts": null
          },
          "sensitive_attributes": [],
          "private": "eyJlMmJmYjczMC1lY2FhLTExZTYtOGY4OC0zNDM2M2JjN2M0YzAiOnsiY3JlYXRlIjoxODAwMDAwMDAwMDAwLCJkZWxldGUiOjE4MDAwMDAwMDAwMDAsInJlYWQiOjMwMDAwMDAwMDAwMCwidXBkYXRlIjoxODAwMDAwMDAwMDAwfX0=",
          "dependencies": [
            "azurerm_app_service_plan.plan",
            "azurerm_resource_group.rg"
          ]
        }
      ]
    },
    {
      "mode": "managed",
      "type": "azurerm_app_service_plan",
      "name": "plan",
      "provider": "provider[\"registry.terraform.io/hashicorp/azurerm\"]",
      "instances": [
        {
          "schema_version": 1,
          "attributes": {
            "app_service_environment_id": "",
            "id": "/subscriptions/885ef135-459d-4221-a368-6d32018ff0b0/resourceGroups/rg-casapronta/providers/Microsoft.Web/serverFarms/plan-casapronta",
            "is_xenon": false,
            "kind": "Windows",
            "location": "eastus",
            "maximum_elastic_worker_count": 1,
            "maximum_number_of_workers": 1,
            "name": "plan-casapronta",
            "per_site_scaling": false,
            "reserved": false,
            "resource_group_name": "rg-casapronta",
            "sku": [
              {
                "capacity": 0,
                "size": "F1",
                "tier": "Free"
              }
            ],
            "tags": null,
            "timeouts": null,
            "zone_redundant": false
          },
          "sensitive_attributes": [],
          "private": "eyJlMmJmYjczMC1lY2FhLTExZTYtOGY4OC0zNDM2M2JjN2M0YzAiOnsiY3JlYXRlIjozNjAwMDAwMDAwMDAwLCJkZWxldGUiOjM2MDAwMDAwMDAwMDAsInJlYWQiOjMwMDAwMDAwMDAwMCwidXBkYXRlIjozNjAwMDAwMDAwMDAwfSwic2NoZW1hX3ZlcnNpb24iOiIxIn0=",
          "dependencies": [
            "azurerm_resource_group.rg"
          ]
        }
      ]
    },
    {
      "mode": "managed",
      "type": "azurerm_resource_group",
      "name": "rg",
      "provider": "provider[\"registry.terraform.io/hashicorp/azurerm\"]",
      "instances": [
        {
          "schema_version": 0,
          "attributes": {
            "id": "/subscriptions/885ef135-459d-4221-a368-6d32018ff0b0/resourceGroups/rg-casapronta",
            "location": "eastus",
            "managed_by": "",
            "name": "rg-casapronta",
            "tags": null,
            "timeouts": null
          },
          "sensitive_attributes": [],
          "private": "eyJlMmJmYjczMC1lY2FhLTExZTYtOGY4OC0zNDM2M2JjN2M0YzAiOnsiY3JlYXRlIjo1NDAwMDAwMDAwMDAwLCJkZWxldGUiOjU0MDAwMDAwMDAwMDAsInJlYWQiOjMwMDAwMDAwMDAwMCwidXBkYXRlIjo1NDAwMDAwMDAwMDAwfX0="
        }
      ]
    }
  ],
  "check_results": null
}
